
Microsoft Visual Studio Solution File, Format Version 11.00
# Visual Studio 2010
Project("{8BC9CEB8-8B4A-11D0-8D11-00A0C91BC942}") = "GLTSF", "GLTSF.vcxproj", "{790D58BA-E5F6-4286-A9C6-0DC28779789D}"
EndProject
Global
	GlobalSection(SolutionConfigurationPlatforms) = preSolution
		Debug|Win32 = Debug|Win32
		Release|Win32 = Release|Win32
	EndGlobalSection
	GlobalSection(ProjectConfigurationPlatforms) = postSolution
		{790D58BA-E5F6-4286-A9C6-0DC28779789D}.Debug|Win32.ActiveCfg = Debug|Win32
		{790D58BA-E5F6-4286-A9C6-0DC28779789D}.Debug|Win32.Build.0 = Debug|Win32
		{790D58BA-E5F6-4286-A9C6-0DC28779789D}.Release|Win32.ActiveCfg = Release|Win32
		{790D58BA-E5F6-4286-A9C6-0DC28779789D}.Release|Win32.Build.0 = Release|Win32
	EndGlobalSection
	GlobalSection(SolutionProperties) = preSolution
		HideSolutionNode = FALSE
	EndGlobalSection
EndGlobal
