
Microsoft Visual Studio Solution File, Format Version 10.00
# Visual Studio 2008
Project("{8BC9CEB8-8B4A-11D0-8D11-00A0C91BC942}") = "GLTSF", "GLTSF.vcproj", "{FC8A9A48-6667-4BDE-8E9B-5859408AEE83}"
EndProject
Global
	GlobalSection(SolutionConfigurationPlatforms) = preSolution
		Debug|Win32 = Debug|Win32
		Release|Win32 = Release|Win32
	EndGlobalSection
	GlobalSection(ProjectConfigurationPlatforms) = postSolution
		{FC8A9A48-6667-4BDE-8E9B-5859408AEE83}.Debug|Win32.ActiveCfg = Debug|Win32
		{FC8A9A48-6667-4BDE-8E9B-5859408AEE83}.Debug|Win32.Build.0 = Debug|Win32
		{FC8A9A48-6667-4BDE-8E9B-5859408AEE83}.Release|Win32.ActiveCfg = Release|Win32
		{FC8A9A48-6667-4BDE-8E9B-5859408AEE83}.Release|Win32.Build.0 = Release|Win32
	EndGlobalSection
	GlobalSection(SolutionProperties) = preSolution
		HideSolutionNode = FALSE
	EndGlobalSection
EndGlobal
