Microsoft Visual Studio Solution File, Format Version 9.00
# Visual Studio 2005
Project("{8BC9CEB8-8B4A-11D0-8D11-00A0C91BC942}") = "graywin", "graywin\graywin.vcproj", "{0BCCA0BF-073E-439E-BCE0-C9353C177487}"
EndProject
Project("{8BC9CEB8-8B4A-11D0-8D11-00A0C91BC942}") = "loopwave", "loopwave\loopwave.vcproj", "{AAAD1CB5-7ADA-47AE-85A0-08A6EC48FAFB}"
EndProject
Project("{8BC9CEB8-8B4A-11D0-8D11-00A0C91BC942}") = "testalpha", "testalpha\testalpha.vcproj", "{7814D54B-65D3-4677-AD77-E0B980B4FA2D}"
EndProject
Project("{8BC9CEB8-8B4A-11D0-8D11-00A0C91BC942}") = "testgamma", "testgamma\testgamma.vcproj", "{D974A0DF-3E2E-445C-A2EB-E899E9B582CB}"
EndProject
Project("{8BC9CEB8-8B4A-11D0-8D11-00A0C91BC942}") = "testgl", "testgl\testgl.vcproj", "{272D976B-A1DF-4DEB-BD7F-5C0D330E0C7D}"
EndProject
Project("{8BC9CEB8-8B4A-11D0-8D11-00A0C91BC942}") = "testjoystick", "testjoystick\testjoystick.vcproj", "{55812185-D13C-4022-9C81-32E0F4A08304}"
EndProject
Project("{8BC9CEB8-8B4A-11D0-8D11-00A0C91BC942}") = "testpalette", "testpalette\testpalette.vcproj", "{493A8F38-5DA5-4E2D-B5E9-9E69EE4ED1DC}"
EndProject
Project("{8BC9CEB8-8B4A-11D0-8D11-00A0C91BC942}") = "testvidinfo", "testvidinfo\testvidinfo.vcproj", "{575FD095-EDAB-4BD4-B733-CD4A874F6FB0}"
EndProject
Project("{8BC9CEB8-8B4A-11D0-8D11-00A0C91BC942}") = "testwin", "testwin\testwin.vcproj", "{0FFD1A21-11DB-492C-A989-E4F195B0C441}"
EndProject
Project("{8BC9CEB8-8B4A-11D0-8D11-00A0C91BC942}") = "testwm", "testwm\testwm.vcproj", "{6AF0724B-BAC1-4C9D-AFBF-F63B4A2FB8FB}"
EndProject
Project("{8BC9CEB8-8B4A-11D0-8D11-00A0C91BC942}") = "testplatform", "testplatform\testplatform.vcproj", "{26932B24-EFC6-4E3A-B277-ED653DA37968}"
EndProject
Project("{8BC9CEB8-8B4A-11D0-8D11-00A0C91BC942}") = "testfile", "testfile\testfile.vcproj", "{CAE4F1D0-314F-4B10-805B-0EFD670133A0}"
EndProject
Project("{8BC9CEB8-8B4A-11D0-8D11-00A0C91BC942}") = "testgl2", "testgl2\testgl2.vcproj", "{8B5CFB38-CCBA-40A8-AD7A-89C57B070884}"
EndProject
Project("{8BC9CEB8-8B4A-11D0-8D11-00A0C91BC942}") = "checkkeys", "checkkeys\checkkeys.vcproj", "{26828762-C95D-4637-9CB1-7F0979523813}"
EndProject
Project("{8BC9CEB8-8B4A-11D0-8D11-00A0C91BC942}") = "testoverlay", "testoverlay\testoverlay.vcproj", "{9E320A14-B443-4DD7-8725-B7020DCFF730}"
EndProject
Project("{8BC9CEB8-8B4A-11D0-8D11-00A0C91BC942}") = "testoverlay2", "testoverlay2\testoverlay2.vcproj", "{B51E0D74-F0A2-45A2-BD2A-8B7D95B8204A}"
EndProject
Project("{8BC9CEB8-8B4A-11D0-8D11-00A0C91BC942}") = "testsprite", "testsprite\testsprite.vcproj", "{5D0930C0-7C91-4ECE-9014-7B7DDE9502E5}"
EndProject
Project("{8BC9CEB8-8B4A-11D0-8D11-00A0C91BC942}") = "testsprite2", "testsprite2\testsprite2.vcproj", "{40FB7794-D3C3-4CFE-BCF4-A80C96635682}"
EndProject
Project("{8BC9CEB8-8B4A-11D0-8D11-00A0C91BC942}") = "testdraw2", "testdraw2\testdraw2.vcproj", "{8682FE1E-0CF6-4EDD-9BB5-1733D8C8B4DF}"
EndProject
Project("{8BC9CEB8-8B4A-11D0-8D11-00A0C91BC942}") = "testpower", "testpower\testpower.vcproj", "{C4E04D18-EF76-4B42-B4C2-16A1BACDC0A3}"
EndProject
Global
	GlobalSection(SolutionConfigurationPlatforms) = preSolution
		Debug|Win32 = Debug|Win32
		Release|Win32 = Release|Win32
	EndGlobalSection
	GlobalSection(ProjectConfigurationPlatforms) = postSolution
		{0BCCA0BF-073E-439E-BCE0-C9353C177487}.Debug|Win32.ActiveCfg = Debug|Win32
		{0BCCA0BF-073E-439E-BCE0-C9353C177487}.Debug|Win32.Build.0 = Debug|Win32
		{0BCCA0BF-073E-439E-BCE0-C9353C177487}.Release|Win32.ActiveCfg = Release|Win32
		{0BCCA0BF-073E-439E-BCE0-C9353C177487}.Release|Win32.Build.0 = Release|Win32
		{AAAD1CB5-7ADA-47AE-85A0-08A6EC48FAFB}.Debug|Win32.ActiveCfg = Debug|Win32
		{AAAD1CB5-7ADA-47AE-85A0-08A6EC48FAFB}.Debug|Win32.Build.0 = Debug|Win32
		{AAAD1CB5-7ADA-47AE-85A0-08A6EC48FAFB}.Release|Win32.ActiveCfg = Release|Win32
		{AAAD1CB5-7ADA-47AE-85A0-08A6EC48FAFB}.Release|Win32.Build.0 = Release|Win32
		{7814D54B-65D3-4677-AD77-E0B980B4FA2D}.Debug|Win32.ActiveCfg = Debug|Win32
		{7814D54B-65D3-4677-AD77-E0B980B4FA2D}.Debug|Win32.Build.0 = Debug|Win32
		{7814D54B-65D3-4677-AD77-E0B980B4FA2D}.Release|Win32.ActiveCfg = Release|Win32
		{7814D54B-65D3-4677-AD77-E0B980B4FA2D}.Release|Win32.Build.0 = Release|Win32
		{D974A0DF-3E2E-445C-A2EB-E899E9B582CB}.Debug|Win32.ActiveCfg = Debug|Win32
		{D974A0DF-3E2E-445C-A2EB-E899E9B582CB}.Debug|Win32.Build.0 = Debug|Win32
		{D974A0DF-3E2E-445C-A2EB-E899E9B582CB}.Release|Win32.ActiveCfg = Release|Win32
		{D974A0DF-3E2E-445C-A2EB-E899E9B582CB}.Release|Win32.Build.0 = Release|Win32
		{272D976B-A1DF-4DEB-BD7F-5C0D330E0C7D}.Debug|Win32.ActiveCfg = Debug|Win32
		{272D976B-A1DF-4DEB-BD7F-5C0D330E0C7D}.Debug|Win32.Build.0 = Debug|Win32
		{272D976B-A1DF-4DEB-BD7F-5C0D330E0C7D}.Release|Win32.ActiveCfg = Release|Win32
		{272D976B-A1DF-4DEB-BD7F-5C0D330E0C7D}.Release|Win32.Build.0 = Release|Win32
		{55812185-D13C-4022-9C81-32E0F4A08304}.Debug|Win32.ActiveCfg = Debug|Win32
		{55812185-D13C-4022-9C81-32E0F4A08304}.Debug|Win32.Build.0 = Debug|Win32
		{55812185-D13C-4022-9C81-32E0F4A08304}.Release|Win32.ActiveCfg = Release|Win32
		{55812185-D13C-4022-9C81-32E0F4A08304}.Release|Win32.Build.0 = Release|Win32
		{493A8F38-5DA5-4E2D-B5E9-9E69EE4ED1DC}.Debug|Win32.ActiveCfg = Debug|Win32
		{493A8F38-5DA5-4E2D-B5E9-9E69EE4ED1DC}.Debug|Win32.Build.0 = Debug|Win32
		{493A8F38-5DA5-4E2D-B5E9-9E69EE4ED1DC}.Release|Win32.ActiveCfg = Release|Win32
		{493A8F38-5DA5-4E2D-B5E9-9E69EE4ED1DC}.Release|Win32.Build.0 = Release|Win32
		{575FD095-EDAB-4BD4-B733-CD4A874F6FB0}.Debug|Win32.ActiveCfg = Debug|Win32
		{575FD095-EDAB-4BD4-B733-CD4A874F6FB0}.Debug|Win32.Build.0 = Debug|Win32
		{575FD095-EDAB-4BD4-B733-CD4A874F6FB0}.Release|Win32.ActiveCfg = Release|Win32
		{575FD095-EDAB-4BD4-B733-CD4A874F6FB0}.Release|Win32.Build.0 = Release|Win32
		{0FFD1A21-11DB-492C-A989-E4F195B0C441}.Debug|Win32.ActiveCfg = Debug|Win32
		{0FFD1A21-11DB-492C-A989-E4F195B0C441}.Debug|Win32.Build.0 = Debug|Win32
		{0FFD1A21-11DB-492C-A989-E4F195B0C441}.Release|Win32.ActiveCfg = Release|Win32
		{0FFD1A21-11DB-492C-A989-E4F195B0C441}.Release|Win32.Build.0 = Release|Win32
		{6AF0724B-BAC1-4C9D-AFBF-F63B4A2FB8FB}.Debug|Win32.ActiveCfg = Debug|Win32
		{6AF0724B-BAC1-4C9D-AFBF-F63B4A2FB8FB}.Debug|Win32.Build.0 = Debug|Win32
		{6AF0724B-BAC1-4C9D-AFBF-F63B4A2FB8FB}.Release|Win32.ActiveCfg = Release|Win32
		{6AF0724B-BAC1-4C9D-AFBF-F63B4A2FB8FB}.Release|Win32.Build.0 = Release|Win32
		{26932B24-EFC6-4E3A-B277-ED653DA37968}.Debug|Win32.ActiveCfg = Debug|Win32
		{26932B24-EFC6-4E3A-B277-ED653DA37968}.Debug|Win32.Build.0 = Debug|Win32
		{26932B24-EFC6-4E3A-B277-ED653DA37968}.Release|Win32.ActiveCfg = Release|Win32
		{26932B24-EFC6-4E3A-B277-ED653DA37968}.Release|Win32.Build.0 = Release|Win32
		{CAE4F1D0-314F-4B10-805B-0EFD670133A0}.Debug|Win32.ActiveCfg = Debug|Win32
		{CAE4F1D0-314F-4B10-805B-0EFD670133A0}.Debug|Win32.Build.0 = Debug|Win32
		{CAE4F1D0-314F-4B10-805B-0EFD670133A0}.Release|Win32.ActiveCfg = Release|Win32
		{CAE4F1D0-314F-4B10-805B-0EFD670133A0}.Release|Win32.Build.0 = Release|Win32
		{8B5CFB38-CCBA-40A8-AD7A-89C57B070884}.Debug|Win32.ActiveCfg = Debug|Win32
		{8B5CFB38-CCBA-40A8-AD7A-89C57B070884}.Debug|Win32.Build.0 = Debug|Win32
		{8B5CFB38-CCBA-40A8-AD7A-89C57B070884}.Release|Win32.ActiveCfg = Release|Win32
		{8B5CFB38-CCBA-40A8-AD7A-89C57B070884}.Release|Win32.Build.0 = Release|Win32
		{26828762-C95D-4637-9CB1-7F0979523813}.Debug|Win32.ActiveCfg = Debug|Win32
		{26828762-C95D-4637-9CB1-7F0979523813}.Debug|Win32.Build.0 = Debug|Win32
		{26828762-C95D-4637-9CB1-7F0979523813}.Release|Win32.ActiveCfg = Release|Win32
		{26828762-C95D-4637-9CB1-7F0979523813}.Release|Win32.Build.0 = Release|Win32
		{9E320A14-B443-4DD7-8725-B7020DCFF730}.Debug|Win32.ActiveCfg = Debug|Win32
		{9E320A14-B443-4DD7-8725-B7020DCFF730}.Debug|Win32.Build.0 = Debug|Win32
		{9E320A14-B443-4DD7-8725-B7020DCFF730}.Release|Win32.ActiveCfg = Release|Win32
		{9E320A14-B443-4DD7-8725-B7020DCFF730}.Release|Win32.Build.0 = Release|Win32
		{B51E0D74-F0A2-45A2-BD2A-8B7D95B8204A}.Debug|Win32.ActiveCfg = Debug|Win32
		{B51E0D74-F0A2-45A2-BD2A-8B7D95B8204A}.Debug|Win32.Build.0 = Debug|Win32
		{B51E0D74-F0A2-45A2-BD2A-8B7D95B8204A}.Release|Win32.ActiveCfg = Release|Win32
		{B51E0D74-F0A2-45A2-BD2A-8B7D95B8204A}.Release|Win32.Build.0 = Release|Win32
		{5D0930C0-7C91-4ECE-9014-7B7DDE9502E5}.Debug|Win32.ActiveCfg = Debug|Win32
		{5D0930C0-7C91-4ECE-9014-7B7DDE9502E5}.Debug|Win32.Build.0 = Debug|Win32
		{5D0930C0-7C91-4ECE-9014-7B7DDE9502E5}.Release|Win32.ActiveCfg = Release|Win32
		{5D0930C0-7C91-4ECE-9014-7B7DDE9502E5}.Release|Win32.Build.0 = Release|Win32
		{40FB7794-D3C3-4CFE-BCF4-A80C96635682}.Debug|Win32.ActiveCfg = Debug|Win32
		{40FB7794-D3C3-4CFE-BCF4-A80C96635682}.Debug|Win32.Build.0 = Debug|Win32
		{40FB7794-D3C3-4CFE-BCF4-A80C96635682}.Release|Win32.ActiveCfg = Release|Win32
		{40FB7794-D3C3-4CFE-BCF4-A80C96635682}.Release|Win32.Build.0 = Release|Win32
		{8682FE1E-0CF6-4EDD-9BB5-1733D8C8B4DF}.Debug|Win32.ActiveCfg = Debug|Win32
		{8682FE1E-0CF6-4EDD-9BB5-1733D8C8B4DF}.Debug|Win32.Build.0 = Debug|Win32
		{8682FE1E-0CF6-4EDD-9BB5-1733D8C8B4DF}.Release|Win32.ActiveCfg = Release|Win32
		{8682FE1E-0CF6-4EDD-9BB5-1733D8C8B4DF}.Release|Win32.Build.0 = Release|Win32
		{C4E04D18-EF76-4B42-B4C2-16A1BACDC0A3}.Debug|Win32.ActiveCfg = Debug|Win32
		{C4E04D18-EF76-4B42-B4C2-16A1BACDC0A3}.Debug|Win32.Build.0 = Debug|Win32
		{C4E04D18-EF76-4B42-B4C2-16A1BACDC0A3}.Release|Win32.ActiveCfg = Release|Win32
		{C4E04D18-EF76-4B42-B4C2-16A1BACDC0A3}.Release|Win32.Build.0 = Release|Win32
	EndGlobalSection
	GlobalSection(SolutionProperties) = preSolution
		HideSolutionNode = FALSE
	EndGlobalSection
EndGlobal
